// !$*UTF8*$!
{
	archiveVersion = 1;
	classes = {
	};
	objectVersion = 50;
	objects = {

/* Begin PBXBuildFile section */
		770DFC382214EF4800E8E70A /* TezosCryptoTests.swift in Sources */ = {isa = PBXBuildFile; fileRef = 770DFC372214EF4800E8E70A /* TezosCryptoTests.swift */; };
		770DFC3A2214EF4800E8E70A /* TezosCrypto.h in Headers */ = {isa = PBXBuildFile; fileRef = 770DFC2A2214EF4800E8E70A /* TezosCrypto.h */; settings = {ATTRIBUTES = (Public, ); }; };
		770DFC482214F05500E8E70A /* TezosCrypto.swift in Sources */ = {isa = PBXBuildFile; fileRef = 7AA9582A217CB6F700865D55 /* TezosCrypto.swift */; };
		770DFC492214F05500E8E70A /* OperationSigningResult.swift in Sources */ = {isa = PBXBuildFile; fileRef = 7ABC854A217EA4AE006DE8FD /* OperationSigningResult.swift */; };
		770DFC4A2214F05500E8E70A /* KeyPair.swift in Sources */ = {isa = PBXBuildFile; fileRef = 7A1E2ECF217671B20073C080 /* KeyPair.swift */; };
		770DFC4D2214F13F00E8E70A /* Sodium.framework in Frameworks */ = {isa = PBXBuildFile; fileRef = 770DFC4C2214F13F00E8E70A /* Sodium.framework */; };
		770DFC512214F29C00E8E70A /* BigInt.framework in Frameworks */ = {isa = PBXBuildFile; fileRef = 770DFC502214F29C00E8E70A /* BigInt.framework */; };
		770DFC532214F65E00E8E70A /* CryptoSwift.framework in Frameworks */ = {isa = PBXBuildFile; fileRef = 770DFC522214F65E00E8E70A /* CryptoSwift.framework */; };
		770DFC562214F75B00E8E70A /* SipHash.framework in Frameworks */ = {isa = PBXBuildFile; fileRef = 770DFC552214F75B00E8E70A /* SipHash.framework */; };
		770DFC582214FE5000E8E70A /* Base58Swift.framework in Frameworks */ = {isa = PBXBuildFile; fileRef = 770DFC572214FE5000E8E70A /* Base58Swift.framework */; };
		773D39AE226FF8DC00C315F0 /* Prefixes.swift in Sources */ = {isa = PBXBuildFile; fileRef = 773D39AD226FF8DC00C315F0 /* Prefixes.swift */; };
		773D39B0227000DE00C315F0 /* EllipticalCurve.swift in Sources */ = {isa = PBXBuildFile; fileRef = 773D39AF227000DE00C315F0 /* EllipticalCurve.swift */; };
/* End PBXBuildFile section */

/* Begin PBXContainerItemProxy section */
		770DFC322214EF4800E8E70A /* PBXContainerItemProxy */ = {
			isa = PBXContainerItemProxy;
			containerPortal = 7AA8F34E2160158000C05895 /* Project object */;
			proxyType = 1;
			remoteGlobalIDString = 770DFC272214EF4700E8E70A;
			remoteInfo = TezosCrypto;
		};
/* End PBXContainerItemProxy section */

/* Begin PBXFileReference section */
		770DFC2A2214EF4800E8E70A /* TezosCrypto.h */ = {isa = PBXFileReference; lastKnownFileType = sourcecode.c.h; path = TezosCrypto.h; sourceTree = "<group>"; };
		770DFC2B2214EF4800E8E70A /* Info.plist */ = {isa = PBXFileReference; lastKnownFileType = text.plist.xml; path = Info.plist; sourceTree = "<group>"; };
		770DFC372214EF4800E8E70A /* TezosCryptoTests.swift */ = {isa = PBXFileReference; lastKnownFileType = sourcecode.swift; path = TezosCryptoTests.swift; sourceTree = "<group>"; };
		770DFC392214EF4800E8E70A /* Info.plist */ = {isa = PBXFileReference; lastKnownFileType = text.plist.xml; path = Info.plist; sourceTree = "<group>"; };
		770DFC4C2214F13F00E8E70A /* Sodium.framework */ = {isa = PBXFileReference; lastKnownFileType = wrapper.framework; name = Sodium.framework; path = Carthage/Build/iOS/Sodium.framework; sourceTree = "<group>"; };
		770DFC4E2214F13F00E8E70A /* TezosCrypto.framework */ = {isa = PBXFileReference; explicitFileType = wrapper.framework; includeInIndex = 0; path = TezosCrypto.framework; sourceTree = BUILT_PRODUCTS_DIR; };
		770DFC502214F29C00E8E70A /* BigInt.framework */ = {isa = PBXFileReference; lastKnownFileType = wrapper.framework; name = BigInt.framework; path = Carthage/Build/iOS/BigInt.framework; sourceTree = "<group>"; };
		770DFC522214F65E00E8E70A /* CryptoSwift.framework */ = {isa = PBXFileReference; lastKnownFileType = wrapper.framework; name = CryptoSwift.framework; path = Carthage/Build/iOS/CryptoSwift.framework; sourceTree = "<group>"; };
		770DFC542214F6DB00E8E70A /* TezosCryptoTests.xctest */ = {isa = PBXFileReference; explicitFileType = wrapper.cfbundle; includeInIndex = 0; path = TezosCryptoTests.xctest; sourceTree = BUILT_PRODUCTS_DIR; };
		770DFC552214F75B00E8E70A /* SipHash.framework */ = {isa = PBXFileReference; lastKnownFileType = wrapper.framework; name = SipHash.framework; path = Carthage/Build/iOS/SipHash.framework; sourceTree = "<group>"; };
		770DFC572214FE5000E8E70A /* Base58Swift.framework */ = {isa = PBXFileReference; lastKnownFileType = wrapper.framework; name = Base58Swift.framework; path = Carthage/Build/iOS/Base58Swift.framework; sourceTree = "<group>"; };
		773D39AD226FF8DC00C315F0 /* Prefixes.swift */ = {isa = PBXFileReference; lastKnownFileType = sourcecode.swift; path = Prefixes.swift; sourceTree = "<group>"; };
		773D39AF227000DE00C315F0 /* EllipticalCurve.swift */ = {isa = PBXFileReference; lastKnownFileType = sourcecode.swift; path = EllipticalCurve.swift; sourceTree = "<group>"; };
		7A1E2ECF217671B20073C080 /* KeyPair.swift */ = {isa = PBXFileReference; lastKnownFileType = sourcecode.swift; path = KeyPair.swift; sourceTree = "<group>"; };
		7AA9582A217CB6F700865D55 /* TezosCrypto.swift */ = {isa = PBXFileReference; fileEncoding = 4; lastKnownFileType = sourcecode.swift; path = TezosCrypto.swift; sourceTree = "<group>"; };
		7ABC854A217EA4AE006DE8FD /* OperationSigningResult.swift */ = {isa = PBXFileReference; fileEncoding = 4; lastKnownFileType = sourcecode.swift; path = OperationSigningResult.swift; sourceTree = "<group>"; };
/* End PBXFileReference section */

/* Begin PBXFrameworksBuildPhase section */
		770DFC252214EF4700E8E70A /* Frameworks */ = {
			isa = PBXFrameworksBuildPhase;
			buildActionMask = 2147483647;
			files = (
				770DFC582214FE5000E8E70A /* Base58Swift.framework in Frameworks */,
				770DFC562214F75B00E8E70A /* SipHash.framework in Frameworks */,
				770DFC532214F65E00E8E70A /* CryptoSwift.framework in Frameworks */,
				770DFC512214F29C00E8E70A /* BigInt.framework in Frameworks */,
				770DFC4D2214F13F00E8E70A /* Sodium.framework in Frameworks */,
			);
			runOnlyForDeploymentPostprocessing = 0;
		};
		770DFC2D2214EF4800E8E70A /* Frameworks */ = {
			isa = PBXFrameworksBuildPhase;
			buildActionMask = 2147483647;
			files = (
			);
			runOnlyForDeploymentPostprocessing = 0;
		};
/* End PBXFrameworksBuildPhase section */

/* Begin PBXGroup section */
		770DFC292214EF4800E8E70A /* TezosCrypto */ = {
			isa = PBXGroup;
			children = (
				7ABC854A217EA4AE006DE8FD /* OperationSigningResult.swift */,
				7A1E2ECF217671B20073C080 /* KeyPair.swift */,
				7AA9582A217CB6F700865D55 /* TezosCrypto.swift */,
				773D39AF227000DE00C315F0 /* EllipticalCurve.swift */,
				770DFC2A2214EF4800E8E70A /* TezosCrypto.h */,
				773D39AD226FF8DC00C315F0 /* Prefixes.swift */,
				770DFC2B2214EF4800E8E70A /* Info.plist */,
			);
			path = TezosCrypto;
			sourceTree = "<group>";
		};
		770DFC362214EF4800E8E70A /* TezosCryptoTests */ = {
			isa = PBXGroup;
			children = (
				770DFC372214EF4800E8E70A /* TezosCryptoTests.swift */,
				770DFC392214EF4800E8E70A /* Info.plist */,
			);
			path = TezosCryptoTests;
			sourceTree = "<group>";
		};
		770DFC4B2214F13F00E8E70A /* Frameworks */ = {
			isa = PBXGroup;
			children = (
				770DFC572214FE5000E8E70A /* Base58Swift.framework */,
				770DFC552214F75B00E8E70A /* SipHash.framework */,
				770DFC522214F65E00E8E70A /* CryptoSwift.framework */,
				770DFC502214F29C00E8E70A /* BigInt.framework */,
				770DFC4C2214F13F00E8E70A /* Sodium.framework */,
			);
			name = Frameworks;
			sourceTree = "<group>";
		};
		7AA8F34D2160158000C05895 = {
			isa = PBXGroup;
			children = (
				770DFC292214EF4800E8E70A /* TezosCrypto */,
				770DFC362214EF4800E8E70A /* TezosCryptoTests */,
				770DFC4B2214F13F00E8E70A /* Frameworks */,
				770DFC4E2214F13F00E8E70A /* TezosCrypto.framework */,
				770DFC542214F6DB00E8E70A /* TezosCryptoTests.xctest */,
			);
			sourceTree = "<group>";
		};
/* End PBXGroup section */

/* Begin PBXHeadersBuildPhase section */
		770DFC232214EF4700E8E70A /* Headers */ = {
			isa = PBXHeadersBuildPhase;
			buildActionMask = 2147483647;
			files = (
				770DFC3A2214EF4800E8E70A /* TezosCrypto.h in Headers */,
			);
			runOnlyForDeploymentPostprocessing = 0;
		};
/* End PBXHeadersBuildPhase section */

/* Begin PBXNativeTarget section */
		770DFC272214EF4700E8E70A /* TezosCrypto */ = {
			isa = PBXNativeTarget;
			buildConfigurationList = 770DFC3F2214EF4800E8E70A /* Build configuration list for PBXNativeTarget "TezosCrypto" */;
			buildPhases = (
				770DFC232214EF4700E8E70A /* Headers */,
				770DFC242214EF4700E8E70A /* Sources */,
				770DFC252214EF4700E8E70A /* Frameworks */,
				770DFC262214EF4700E8E70A /* Resources */,
				770DFC462214F01000E8E70A /* Carthage */,
				770DFC472214F02900E8E70A /* SwiftLint */,
			);
			buildRules = (
			);
			dependencies = (
			);
			name = TezosCrypto;
			productName = TezosCrypto;
			productReference = 770DFC4E2214F13F00E8E70A /* TezosCrypto.framework */;
			productType = "com.apple.product-type.framework";
		};
		770DFC2F2214EF4800E8E70A /* TezosCryptoTests */ = {
			isa = PBXNativeTarget;
			buildConfigurationList = 770DFC432214EF4800E8E70A /* Build configuration list for PBXNativeTarget "TezosCryptoTests" */;
			buildPhases = (
				770DFC2C2214EF4800E8E70A /* Sources */,
				770DFC2D2214EF4800E8E70A /* Frameworks */,
				770DFC2E2214EF4800E8E70A /* Resources */,
			);
			buildRules = (
			);
			dependencies = (
				770DFC332214EF4800E8E70A /* PBXTargetDependency */,
			);
			name = TezosCryptoTests;
			productName = TezosCryptoTests;
			productReference = 770DFC542214F6DB00E8E70A /* TezosCryptoTests.xctest */;
			productType = "com.apple.product-type.bundle.unit-test";
		};
/* End PBXNativeTarget section */

/* Begin PBXProject section */
		7AA8F34E2160158000C05895 /* Project object */ = {
			isa = PBXProject;
			attributes = {
				LastSwiftUpdateCheck = 1010;
				LastUpgradeCheck = 1000;
				ORGANIZATIONNAME = "Keefer Taylor";
				TargetAttributes = {
					770DFC272214EF4700E8E70A = {
						CreatedOnToolsVersion = 10.1;
					};
					770DFC2F2214EF4800E8E70A = {
						CreatedOnToolsVersion = 10.1;
					};
				};
			};
			buildConfigurationList = 7AA8F3512160158000C05895 /* Build configuration list for PBXProject "TezosCrypto" */;
			compatibilityVersion = "Xcode 9.3";
			developmentRegion = en;
			hasScannedForEncodings = 0;
			knownRegions = (
				en,
				Base,
			);
			mainGroup = 7AA8F34D2160158000C05895;
			productRefGroup = 7AA8F34D2160158000C05895;
			projectDirPath = "";
			projectRoot = "";
			targets = (
				770DFC272214EF4700E8E70A /* TezosCrypto */,
				770DFC2F2214EF4800E8E70A /* TezosCryptoTests */,
			);
		};
/* End PBXProject section */

/* Begin PBXResourcesBuildPhase section */
		770DFC262214EF4700E8E70A /* Resources */ = {
			isa = PBXResourcesBuildPhase;
			buildActionMask = 2147483647;
			files = (
			);
			runOnlyForDeploymentPostprocessing = 0;
		};
		770DFC2E2214EF4800E8E70A /* Resources */ = {
			isa = PBXResourcesBuildPhase;
			buildActionMask = 2147483647;
			files = (
			);
			runOnlyForDeploymentPostprocessing = 0;
		};
/* End PBXResourcesBuildPhase section */

/* Begin PBXShellScriptBuildPhase section */
		770DFC462214F01000E8E70A /* Carthage */ = {
			isa = PBXShellScriptBuildPhase;
			buildActionMask = 2147483647;
			files = (
			);
			inputFileListPaths = (
			);
			inputPaths = (
				"$(SRCROOT)/Carthage/Build/iOS/Sodium.framework",
				"$(SRCROOT)/Carthage/Build/iOS/BigInt.framework",
				"$(SRCROOT)/Carthage/Build/iOS/CryptoSwift.framework",
				"$(SRCROOT)/Carthage/Build/iOS/SipHash.framework",
				"$(SRCROOT)/Carthage/Build/iOS/Base58Swift.framework",
			);
			name = Carthage;
			outputFileListPaths = (
			);
			outputPaths = (
				"$(BUILT_PRODUCTS_DIR)/$(FRAMEWORKS_FOLDER_PATH)/Sodium.framework",
				"$(BUILT_PRODUCTS_DIR)/$(FRAMEWORKS_FOLDER_PATH)/BigInt.framework",
				"$(BUILT_PRODUCTS_DIR)/$(FRAMEWORKS_FOLDER_PATH)/CryptoSwift.framework",
				"$(BUILT_PRODUCTS_DIR)/$(FRAMEWORKS_FOLDER_PATH)/SipHash.framework",
				"$(BUILT_PRODUCTS_DIR)/$(FRAMEWORKS_FOLDER_PATH)/Base58Swift.framework",
			);
			runOnlyForDeploymentPostprocessing = 0;
			shellPath = /bin/sh;
			shellScript = "/usr/local/bin/carthage copy-frameworks\n";
		};
		770DFC472214F02900E8E70A /* SwiftLint */ = {
			isa = PBXShellScriptBuildPhase;
			buildActionMask = 2147483647;
			files = (
			);
			inputFileListPaths = (
			);
			inputPaths = (
			);
			name = SwiftLint;
			outputFileListPaths = (
			);
			outputPaths = (
			);
			runOnlyForDeploymentPostprocessing = 0;
			shellPath = /bin/sh;
			shellScript = "if which swiftlint >/dev/null; then\nswiftlint --strict\nelse\necho \"warning: SwiftLint not installed, run `brew install swiftlint`\"\nfi\n";
		};
/* End PBXShellScriptBuildPhase section */

/* Begin PBXSourcesBuildPhase section */
		770DFC242214EF4700E8E70A /* Sources */ = {
			isa = PBXSourcesBuildPhase;
			buildActionMask = 2147483647;
			files = (
				770DFC4A2214F05500E8E70A /* KeyPair.swift in Sources */,
				770DFC492214F05500E8E70A /* OperationSigningResult.swift in Sources */,
				773D39B0227000DE00C315F0 /* EllipticalCurve.swift in Sources */,
				770DFC482214F05500E8E70A /* TezosCrypto.swift in Sources */,
				773D39AE226FF8DC00C315F0 /* Prefixes.swift in Sources */,
			);
			runOnlyForDeploymentPostprocessing = 0;
		};
		770DFC2C2214EF4800E8E70A /* Sources */ = {
			isa = PBXSourcesBuildPhase;
			buildActionMask = 2147483647;
			files = (
				770DFC382214EF4800E8E70A /* TezosCryptoTests.swift in Sources */,
			);
			runOnlyForDeploymentPostprocessing = 0;
		};
/* End PBXSourcesBuildPhase section */

/* Begin PBXTargetDependency section */
		770DFC332214EF4800E8E70A /* PBXTargetDependency */ = {
			isa = PBXTargetDependency;
			target = 770DFC272214EF4700E8E70A /* TezosCrypto */;
			targetProxy = 770DFC322214EF4800E8E70A /* PBXContainerItemProxy */;
		};
/* End PBXTargetDependency section */

/* Begin XCBuildConfiguration section */
		770DFC402214EF4800E8E70A /* Debug */ = {
			isa = XCBuildConfiguration;
			buildSettings = {
				CODE_SIGN_IDENTITY = "";
				CODE_SIGN_STYLE = Automatic;
				CURRENT_PROJECT_VERSION = 1;
				DEFINES_MODULE = YES;
				DEVELOPMENT_TEAM = "";
				DYLIB_COMPATIBILITY_VERSION = 1;
				DYLIB_CURRENT_VERSION = 1;
				DYLIB_INSTALL_NAME_BASE = "@rpath";
				FRAMEWORK_SEARCH_PATHS = (
					"$(inherited)",
					"$(PROJECT_DIR)/Carthage/Build/iOS",
				);
				INFOPLIST_FILE = TezosCrypto/Info.plist;
				INSTALL_PATH = "$(LOCAL_LIBRARY_DIR)/Frameworks";
				IPHONEOS_DEPLOYMENT_TARGET = 10.0;
				LD_RUNPATH_SEARCH_PATHS = (
					"$(inherited)",
					"@executable_path/Frameworks",
					"@loader_path/Frameworks",
				);
				PRODUCT_BUNDLE_IDENTIFIER = com.keefertaylor.TezosCrypto;
				PRODUCT_NAME = "$(TARGET_NAME:c99extidentifier)";
				SKIP_INSTALL = YES;
				SWIFT_VERSION = 4.2;
				TARGETED_DEVICE_FAMILY = "1,2";
				VERSIONING_SYSTEM = "apple-generic";
				VERSION_INFO_PREFIX = "";
			};
			name = Debug;
		};
		770DFC412214EF4800E8E70A /* Release */ = {
			isa = XCBuildConfiguration;
			buildSettings = {
				CODE_SIGN_IDENTITY = "";
				CODE_SIGN_STYLE = Automatic;
				CURRENT_PROJECT_VERSION = 1;
				DEFINES_MODULE = YES;
				DEVELOPMENT_TEAM = "";
				DYLIB_COMPATIBILITY_VERSION = 1;
				DYLIB_CURRENT_VERSION = 1;
				DYLIB_INSTALL_NAME_BASE = "@rpath";
				FRAMEWORK_SEARCH_PATHS = (
					"$(inherited)",
					"$(PROJECT_DIR)/Carthage/Build/iOS",
				);
				INFOPLIST_FILE = TezosCrypto/Info.plist;
				INSTALL_PATH = "$(LOCAL_LIBRARY_DIR)/Frameworks";
				IPHONEOS_DEPLOYMENT_TARGET = 10.0;
				LD_RUNPATH_SEARCH_PATHS = (
					"$(inherited)",
					"@executable_path/Frameworks",
					"@loader_path/Frameworks",
				);
				PRODUCT_BUNDLE_IDENTIFIER = com.keefertaylor.TezosCrypto;
				PRODUCT_NAME = "$(TARGET_NAME:c99extidentifier)";
				SKIP_INSTALL = YES;
				SWIFT_VERSION = 4.2;
				TARGETED_DEVICE_FAMILY = "1,2";
				VERSIONING_SYSTEM = "apple-generic";
				VERSION_INFO_PREFIX = "";
			};
			name = Release;
		};
		770DFC442214EF4800E8E70A /* Debug */ = {
			isa = XCBuildConfiguration;
			buildSettings = {
				ALWAYS_EMBED_SWIFT_STANDARD_LIBRARIES = YES;
				CODE_SIGN_STYLE = Automatic;
				DEVELOPMENT_TEAM = 6F6VXZUKN5;
				INFOPLIST_FILE = TezosCryptoTests/Info.plist;
				IPHONEOS_DEPLOYMENT_TARGET = 12.1;
				LD_RUNPATH_SEARCH_PATHS = (
					"$(inherited)",
					"@executable_path/Frameworks",
					"@loader_path/Frameworks",
				);
				PRODUCT_BUNDLE_IDENTIFIER = com.keefertaylor.TezosCryptoTests;
				PRODUCT_NAME = "$(TARGET_NAME)";
				SWIFT_VERSION = 4.2;
				TARGETED_DEVICE_FAMILY = "1,2";
			};
			name = Debug;
		};
		770DFC452214EF4800E8E70A /* Release */ = {
			isa = XCBuildConfiguration;
			buildSettings = {
				ALWAYS_EMBED_SWIFT_STANDARD_LIBRARIES = YES;
				CODE_SIGN_STYLE = Automatic;
				DEVELOPMENT_TEAM = 6F6VXZUKN5;
				INFOPLIST_FILE = TezosCryptoTests/Info.plist;
				IPHONEOS_DEPLOYMENT_TARGET = 12.1;
				LD_RUNPATH_SEARCH_PATHS = (
					"$(inherited)",
					"@executable_path/Frameworks",
					"@loader_path/Frameworks",
				);
				PRODUCT_BUNDLE_IDENTIFIER = com.keefertaylor.TezosCryptoTests;
				PRODUCT_NAME = "$(TARGET_NAME)";
				SWIFT_VERSION = 4.2;
				TARGETED_DEVICE_FAMILY = "1,2";
			};
			name = Release;
		};
		7AA8F3662160158100C05895 /* Debug */ = {
			isa = XCBuildConfiguration;
			buildSettings = {
				ALWAYS_SEARCH_USER_PATHS = NO;
				CLANG_ANALYZER_NONNULL = YES;
				CLANG_ANALYZER_NUMBER_OBJECT_CONVERSION = YES_AGGRESSIVE;
				CLANG_CXX_LANGUAGE_STANDARD = "gnu++14";
				CLANG_CXX_LIBRARY = "libc++";
				CLANG_ENABLE_MODULES = YES;
				CLANG_ENABLE_OBJC_ARC = YES;
				CLANG_ENABLE_OBJC_WEAK = YES;
				CLANG_WARN_BLOCK_CAPTURE_AUTORELEASING = YES;
				CLANG_WARN_BOOL_CONVERSION = YES;
				CLANG_WARN_COMMA = YES;
				CLANG_WARN_CONSTANT_CONVERSION = YES;
				CLANG_WARN_DEPRECATED_OBJC_IMPLEMENTATIONS = YES;
				CLANG_WARN_DIRECT_OBJC_ISA_USAGE = YES_ERROR;
				CLANG_WARN_DOCUMENTATION_COMMENTS = YES;
				CLANG_WARN_EMPTY_BODY = YES;
				CLANG_WARN_ENUM_CONVERSION = YES;
				CLANG_WARN_INFINITE_RECURSION = YES;
				CLANG_WARN_INT_CONVERSION = YES;
				CLANG_WARN_NON_LITERAL_NULL_CONVERSION = YES;
				CLANG_WARN_OBJC_IMPLICIT_RETAIN_SELF = YES;
				CLANG_WARN_OBJC_LITERAL_CONVERSION = YES;
				CLANG_WARN_OBJC_ROOT_CLASS = YES_ERROR;
				CLANG_WARN_RANGE_LOOP_ANALYSIS = YES;
				CLANG_WARN_STRICT_PROTOTYPES = YES;
				CLANG_WARN_SUSPICIOUS_MOVE = YES;
				CLANG_WARN_UNGUARDED_AVAILABILITY = YES_AGGRESSIVE;
				CLANG_WARN_UNREACHABLE_CODE = YES;
				CLANG_WARN__DUPLICATE_METHOD_MATCH = YES;
				CODE_SIGN_IDENTITY = "iPhone Developer";
				COPY_PHASE_STRIP = NO;
				DEBUG_INFORMATION_FORMAT = dwarf;
				ENABLE_STRICT_OBJC_MSGSEND = YES;
				ENABLE_TESTABILITY = YES;
				GCC_C_LANGUAGE_STANDARD = gnu11;
				GCC_DYNAMIC_NO_PIC = NO;
				GCC_NO_COMMON_BLOCKS = YES;
				GCC_OPTIMIZATION_LEVEL = 0;
				GCC_PREPROCESSOR_DEFINITIONS = (
					"DEBUG=1",
					"$(inherited)",
				);
				GCC_WARN_64_TO_32_BIT_CONVERSION = YES;
				GCC_WARN_ABOUT_RETURN_TYPE = YES_ERROR;
				GCC_WARN_UNDECLARED_SELECTOR = YES;
				GCC_WARN_UNINITIALIZED_AUTOS = YES_AGGRESSIVE;
				GCC_WARN_UNUSED_FUNCTION = YES;
				GCC_WARN_UNUSED_VARIABLE = YES;
				IPHONEOS_DEPLOYMENT_TARGET = 12.0;
				MTL_ENABLE_DEBUG_INFO = INCLUDE_SOURCE;
				MTL_FAST_MATH = YES;
				ONLY_ACTIVE_ARCH = YES;
				SDKROOT = iphoneos;
				SWIFT_ACTIVE_COMPILATION_CONDITIONS = DEBUG;
				SWIFT_OPTIMIZATION_LEVEL = "-Onone";
			};
			name = Debug;
		};
		7AA8F3672160158100C05895 /* Release */ = {
			isa = XCBuildConfiguration;
			buildSettings = {
				ALWAYS_SEARCH_USER_PATHS = NO;
				CLANG_ANALYZER_NONNULL = YES;
				CLANG_ANALYZER_NUMBER_OBJECT_CONVERSION = YES_AGGRESSIVE;
				CLANG_CXX_LANGUAGE_STANDARD = "gnu++14";
				CLANG_CXX_LIBRARY = "libc++";
				CLANG_ENABLE_MODULES = YES;
				CLANG_ENABLE_OBJC_ARC = YES;
				CLANG_ENABLE_OBJC_WEAK = YES;
				CLANG_WARN_BLOCK_CAPTURE_AUTORELEASING = YES;
				CLANG_WARN_BOOL_CONVERSION = YES;
				CLANG_WARN_COMMA = YES;
				CLANG_WARN_CONSTANT_CONVERSION = YES;
				CLANG_WARN_DEPRECATED_OBJC_IMPLEMENTATIONS = YES;
				CLANG_WARN_DIRECT_OBJC_ISA_USAGE = YES_ERROR;
				CLANG_WARN_DOCUMENTATION_COMMENTS = YES;
				CLANG_WARN_EMPTY_BODY = YES;
				CLANG_WARN_ENUM_CONVERSION = YES;
				CLANG_WARN_INFINITE_RECURSION = YES;
				CLANG_WARN_INT_CONVERSION = YES;
				CLANG_WARN_NON_LITERAL_NULL_CONVERSION = YES;
				CLANG_WARN_OBJC_IMPLICIT_RETAIN_SELF = YES;
				CLANG_WARN_OBJC_LITERAL_CONVERSION = YES;
				CLANG_WARN_OBJC_ROOT_CLASS = YES_ERROR;
				CLANG_WARN_RANGE_LOOP_ANALYSIS = YES;
				CLANG_WARN_STRICT_PROTOTYPES = YES;
				CLANG_WARN_SUSPICIOUS_MOVE = YES;
				CLANG_WARN_UNGUARDED_AVAILABILITY = YES_AGGRESSIVE;
				CLANG_WARN_UNREACHABLE_CODE = YES;
				CLANG_WARN__DUPLICATE_METHOD_MATCH = YES;
				CODE_SIGN_IDENTITY = "iPhone Developer";
				COPY_PHASE_STRIP = NO;
				DEBUG_INFORMATION_FORMAT = "dwarf-with-dsym";
				ENABLE_NS_ASSERTIONS = NO;
				ENABLE_STRICT_OBJC_MSGSEND = YES;
				GCC_C_LANGUAGE_STANDARD = gnu11;
				GCC_NO_COMMON_BLOCKS = YES;
				GCC_WARN_64_TO_32_BIT_CONVERSION = YES;
				GCC_WARN_ABOUT_RETURN_TYPE = YES_ERROR;
				GCC_WARN_UNDECLARED_SELECTOR = YES;
				GCC_WARN_UNINITIALIZED_AUTOS = YES_AGGRESSIVE;
				GCC_WARN_UNUSED_FUNCTION = YES;
				GCC_WARN_UNUSED_VARIABLE = YES;
				IPHONEOS_DEPLOYMENT_TARGET = 12.0;
				MTL_ENABLE_DEBUG_INFO = NO;
				MTL_FAST_MATH = YES;
				SDKROOT = iphoneos;
				SWIFT_COMPILATION_MODE = wholemodule;
				SWIFT_OPTIMIZATION_LEVEL = "-O";
				VALIDATE_PRODUCT = YES;
			};
			name = Release;
		};
/* End XCBuildConfiguration section */

/* Begin XCConfigurationList section */
		770DFC3F2214EF4800E8E70A /* Build configuration list for PBXNativeTarget "TezosCrypto" */ = {
			isa = XCConfigurationList;
			buildConfigurations = (
				770DFC402214EF4800E8E70A /* Debug */,
				770DFC412214EF4800E8E70A /* Release */,
			);
			defaultConfigurationIsVisible = 0;
			defaultConfigurationName = Release;
		};
		770DFC432214EF4800E8E70A /* Build configuration list for PBXNativeTarget "TezosCryptoTests" */ = {
			isa = XCConfigurationList;
			buildConfigurations = (
				770DFC442214EF4800E8E70A /* Debug */,
				770DFC452214EF4800E8E70A /* Release */,
			);
			defaultConfigurationIsVisible = 0;
			defaultConfigurationName = Release;
		};
		7AA8F3512160158000C05895 /* Build configuration list for PBXProject "TezosCrypto" */ = {
			isa = XCConfigurationList;
			buildConfigurations = (
				7AA8F3662160158100C05895 /* Debug */,
				7AA8F3672160158100C05895 /* Release */,
			);
			defaultConfigurationIsVisible = 0;
			defaultConfigurationName = Release;
		};
/* End XCConfigurationList section */
	};
	rootObject = 7AA8F34E2160158000C05895 /* Project object */;
}
